
Microsoft Visual Studio Solution File, Format Version 12.00
# Visual Studio Version 17
VisualStudioVersion = 17.5.002.0
MinimumVisualStudioVersion = 10.0.40219.1
Project("{9A19103F-16F7-4668-BE54-9A1E7A4F7556}") = "api", "api.csproj", "{31621D79-36EC-4B9B-B7CC-CAA9F1E57F3D}"
EndProject
Global
	GlobalSection(SolutionConfigurationPlatforms) = preSolution
		Debug|Any CPU = Debug|Any CPU
		Release|Any CPU = Release|Any CPU
	EndGlobalSection
	GlobalSection(ProjectConfigurationPlatforms) = postSolution
		{31621D79-36EC-4B9B-B7CC-CAA9F1E57F3D}.Debug|Any CPU.ActiveCfg = Debug|Any CPU
		{31621D79-36EC-4B9B-B7CC-CAA9F1E57F3D}.Debug|Any CPU.Build.0 = Debug|Any CPU
		{31621D79-36EC-4B9B-B7CC-CAA9F1E57F3D}.Release|Any CPU.ActiveCfg = Release|Any CPU
		{31621D79-36EC-4B9B-B7CC-CAA9F1E57F3D}.Release|Any CPU.Build.0 = Release|Any CPU
	EndGlobalSection
	GlobalSection(SolutionProperties) = preSolution
		HideSolutionNode = FALSE
	EndGlobalSection
	GlobalSection(ExtensibilityGlobals) = postSolution
		SolutionGuid = {618154C6-7FEB-4C9D-983A-DA010FAE1988}
	EndGlobalSection
EndGlobal
